
Microsoft Visual Studio Solution File, Format Version 12.00
# Visual Studio Version 17
VisualStudioVersion = 17.9.34616.47
MinimumVisualStudioVersion = 10.0.40219.1
Project("{FAE04EC0-301F-11D3-BF4B-00C04F79EFBC}") = "Inläminng OODesign", "Inläminng OODesign\Inläminng OODesign.csproj", "{ECDC79A7-297E-4306-9898-41FB5A69DAA5}"
EndProject
Global
	GlobalSection(SolutionConfigurationPlatforms) = preSolution
		Debug|Any CPU = Debug|Any CPU
		Release|Any CPU = Release|Any CPU
	EndGlobalSection
	GlobalSection(ProjectConfigurationPlatforms) = postSolution
		{ECDC79A7-297E-4306-9898-41FB5A69DAA5}.Debug|Any CPU.ActiveCfg = Debug|Any CPU
		{ECDC79A7-297E-4306-9898-41FB5A69DAA5}.Debug|Any CPU.Build.0 = Debug|Any CPU
		{ECDC79A7-297E-4306-9898-41FB5A69DAA5}.Release|Any CPU.ActiveCfg = Release|Any CPU
		{ECDC79A7-297E-4306-9898-41FB5A69DAA5}.Release|Any CPU.Build.0 = Release|Any CPU
	EndGlobalSection
	GlobalSection(SolutionProperties) = preSolution
		HideSolutionNode = FALSE
	EndGlobalSection
	GlobalSection(ExtensibilityGlobals) = postSolution
		SolutionGuid = {EF99536D-140B-4CB4-811F-BD8064F34E06}
	EndGlobalSection
EndGlobal
